
Microsoft Visual Studio Solution File, Format Version 12.00
# Visual Studio Version 17
VisualStudioVersion = 17.2.32516.85
MinimumVisualStudioVersion = 10.0.40219.1
Project("{FAE04EC0-301F-11D3-BF4B-00C04F79EFBC}") = "FizikMotoruG", "FizikMotoruG\FizikMotoruG.csproj", "{506D5ABF-1480-47C0-9025-65B3546623E4}"
EndProject
Global
	GlobalSection(SolutionConfigurationPlatforms) = preSolution
		Debug|Any CPU = Debug|Any CPU
		Release|Any CPU = Release|Any CPU
	EndGlobalSection
	GlobalSection(ProjectConfigurationPlatforms) = postSolution
		{506D5ABF-1480-47C0-9025-65B3546623E4}.Debug|Any CPU.ActiveCfg = Debug|Any CPU
		{506D5ABF-1480-47C0-9025-65B3546623E4}.Debug|Any CPU.Build.0 = Debug|Any CPU
		{506D5ABF-1480-47C0-9025-65B3546623E4}.Release|Any CPU.ActiveCfg = Release|Any CPU
		{506D5ABF-1480-47C0-9025-65B3546623E4}.Release|Any CPU.Build.0 = Release|Any CPU
	EndGlobalSection
	GlobalSection(SolutionProperties) = preSolution
		HideSolutionNode = FALSE
	EndGlobalSection
	GlobalSection(ExtensibilityGlobals) = postSolution
		SolutionGuid = {619FA6D5-988B-4495-8FF4-886785D80679}
	EndGlobalSection
EndGlobal
